// !$*UTF8*$!
{
	archiveVersion = 1;
	classes = {
	};
	objectVersion = 46;
	objects = {

/* Begin PBXBuildFile section */
		91F77E271539335000F8AE05 /* UIKit.framework in Frameworks */ = {isa = PBXBuildFile; fileRef = 91F77E261539335000F8AE05 /* UIKit.framework */; };
		91F77E291539335000F8AE05 /* Foundation.framework in Frameworks */ = {isa = PBXBuildFile; fileRef = 91F77E281539335000F8AE05 /* Foundation.framework */; };
		91F77E2B1539335000F8AE05 /* CoreGraphics.framework in Frameworks */ = {isa = PBXBuildFile; fileRef = 91F77E2A1539335000F8AE05 /* CoreGraphics.framework */; };
		91F77E2D1539335000F8AE05 /* GLKit.framework in Frameworks */ = {isa = PBXBuildFile; fileRef = 91F77E2C1539335000F8AE05 /* GLKit.framework */; };
		91F77E2F1539335000F8AE05 /* OpenGLES.framework in Frameworks */ = {isa = PBXBuildFile; fileRef = 91F77E2E1539335000F8AE05 /* OpenGLES.framework */; };
		91F77E351539335100F8AE05 /* InfoPlist.strings in Resources */ = {isa = PBXBuildFile; fileRef = 91F77E331539335100F8AE05 /* InfoPlist.strings */; };
		91F77E371539335100F8AE05 /* main.m in Sources */ = {isa = PBXBuildFile; fileRef = 91F77E361539335100F8AE05 /* main.m */; };
		91F77E3B1539335100F8AE05 /* DRAppDelegate.m in Sources */ = {isa = PBXBuildFile; fileRef = 91F77E3A1539335100F8AE05 /* DRAppDelegate.m */; };
		91F77E3D1539335100F8AE05 /* Shader.fsh in Resources */ = {isa = PBXBuildFile; fileRef = 91F77E3C1539335100F8AE05 /* Shader.fsh */; };
		91F77E3F1539335100F8AE05 /* Shader.vsh in Resources */ = {isa = PBXBuildFile; fileRef = 91F77E3E1539335100F8AE05 /* Shader.vsh */; };
		91F77E421539335100F8AE05 /* DRViewController.m in Sources */ = {isa = PBXBuildFile; fileRef = 91F77E411539335100F8AE05 /* DRViewController.m */; };
		91F77E451539335100F8AE05 /* DRViewController_iPhone.xib in Resources */ = {isa = PBXBuildFile; fileRef = 91F77E431539335100F8AE05 /* DRViewController_iPhone.xib */; };
		91F77E481539335100F8AE05 /* DRViewController_iPad.xib in Resources */ = {isa = PBXBuildFile; fileRef = 91F77E461539335100F8AE05 /* DRViewController_iPad.xib */; };
/* End PBXBuildFile section */

/* Begin PBXFileReference section */
		91F77E221539335000F8AE05 /* EarthViewExample.app */ = {isa = PBXFileReference; explicitFileType = wrapper.application; includeInIndex = 0; path = EarthViewExample.app; sourceTree = BUILT_PRODUCTS_DIR; };
		91F77E261539335000F8AE05 /* UIKit.framework */ = {isa = PBXFileReference; lastKnownFileType = wrapper.framework; name = UIKit.framework; path = System/Library/Frameworks/UIKit.framework; sourceTree = SDKROOT; };
		91F77E281539335000F8AE05 /* Foundation.framework */ = {isa = PBXFileReference; lastKnownFileType = wrapper.framework; name = Foundation.framework; path = System/Library/Frameworks/Foundation.framework; sourceTree = SDKROOT; };
		91F77E2A1539335000F8AE05 /* CoreGraphics.framework */ = {isa = PBXFileReference; lastKnownFileType = wrapper.framework; name = CoreGraphics.framework; path = System/Library/Frameworks/CoreGraphics.framework; sourceTree = SDKROOT; };
		91F77E2C1539335000F8AE05 /* GLKit.framework */ = {isa = PBXFileReference; lastKnownFileType = wrapper.framework; name = GLKit.framework; path = System/Library/Frameworks/GLKit.framework; sourceTree = SDKROOT; };
		91F77E2E1539335000F8AE05 /* OpenGLES.framework */ = {isa = PBXFileReference; lastKnownFileType = wrapper.framework; name = OpenGLES.framework; path = System/Library/Frameworks/OpenGLES.framework; sourceTree = SDKROOT; };
		91F77E321539335000F8AE05 /* EarthViewExample-Info.plist */ = {isa = PBXFileReference; path = "EarthViewExample-Info.plist"; sourceTree = "<group>"; };
		91F77E341539335100F8AE05 /* en */ = {isa = PBXFileReference; lastKnownFileType = text.plist.strings; name = en; path = en.lproj/InfoPlist.strings; sourceTree = "<group>"; };
		91F77E361539335100F8AE05 /* main.m */ = {isa = PBXFileReference; lastKnownFileType = sourcecode.c.objc; path = main.m; sourceTree = "<group>"; };
		91F77E381539335100F8AE05 /* EarthViewExample-Prefix.pch */ = {isa = PBXFileReference; path = "EarthViewExample-Prefix.pch"; sourceTree = "<group>"; };
		91F77E391539335100F8AE05 /* DRAppDelegate.h */ = {isa = PBXFileReference; path = DRAppDelegate.h; sourceTree = "<group>"; };
		91F77E3A1539335100F8AE05 /* DRAppDelegate.m */ = {isa = PBXFileReference; lastKnownFileType = sourcecode.c.objc; path = DRAppDelegate.m; sourceTree = "<group>"; };
		91F77E3C1539335100F8AE05 /* Shader.fsh */ = {isa = PBXFileReference; lastKnownFileType = sourcecode.glsl; name = Shader.fsh; path = Shaders/Shader.fsh; sourceTree = "<group>"; };
		91F77E3E1539335100F8AE05 /* Shader.vsh */ = {isa = PBXFileReference; lastKnownFileType = sourcecode.glsl; name = Shader.vsh; path = Shaders/Shader.vsh; sourceTree = "<group>"; };
		91F77E401539335100F8AE05 /* DRViewController.h */ = {isa = PBXFileReference; path = DRViewController.h; sourceTree = "<group>"; };
		91F77E411539335100F8AE05 /* DRViewController.m */ = {isa = PBXFileReference; lastKnownFileType = sourcecode.c.objc; path = DRViewController.m; sourceTree = "<group>"; };
		91F77E441539335100F8AE05 /* en */ = {isa = PBXFileReference; lastKnownFileType = file.xib; name = en; path = en.lproj/DRViewController_iPhone.xib; sourceTree = "<group>"; };
		91F77E471539335100F8AE05 /* en */ = {isa = PBXFileReference; lastKnownFileType = file.xib; name = en; path = en.lproj/DRViewController_iPad.xib; sourceTree = "<group>"; };
/* End PBXFileReference section */

/* Begin PBXFrameworksBuildPhase section */
		91F77E1F1539335000F8AE05 /* Frameworks */ = {
			isa = PBXFrameworksBuildPhase;
			buildActionMask = 2147483647;
			files = (
				91F77E271539335000F8AE05 /* UIKit.framework in Frameworks */,
				91F77E291539335000F8AE05 /* Foundation.framework in Frameworks */,
				91F77E2B1539335000F8AE05 /* CoreGraphics.framework in Frameworks */,
				91F77E2D1539335000F8AE05 /* GLKit.framework in Frameworks */,
				91F77E2F1539335000F8AE05 /* OpenGLES.framework in Frameworks */,
			);
			runOnlyForDeploymentPostprocessing = 0;
		};
/* End PBXFrameworksBuildPhase section */

/* Begin PBXGroup section */
		91F77E171539335000F8AE05 = {
			isa = PBXGroup;
			children = (
				91F77E301539335000F8AE05 /* EarthViewExample */,
				91F77E251539335000F8AE05 /* Frameworks */,
				91F77E231539335000F8AE05 /* Products */,
			);
			sourceTree = "<group>";
		};
		91F77E231539335000F8AE05 /* Products */ = {
			isa = PBXGroup;
			children = (
				91F77E221539335000F8AE05 /* EarthViewExample.app */,
			);
			name = Products;
			sourceTree = "<group>";
		};
		91F77E251539335000F8AE05 /* Frameworks */ = {
			isa = PBXGroup;
			children = (
				91F77E261539335000F8AE05 /* UIKit.framework */,
				91F77E281539335000F8AE05 /* Foundation.framework */,
				91F77E2A1539335000F8AE05 /* CoreGraphics.framework */,
				91F77E2C1539335000F8AE05 /* GLKit.framework */,
				91F77E2E1539335000F8AE05 /* OpenGLES.framework */,
			);
			name = Frameworks;
			sourceTree = "<group>";
		};
		91F77E301539335000F8AE05 /* EarthViewExample */ = {
			isa = PBXGroup;
			children = (
				91F77E391539335100F8AE05 /* DRAppDelegate.h */,
				91F77E3A1539335100F8AE05 /* DRAppDelegate.m */,
				91F77E3C1539335100F8AE05 /* Shader.fsh */,
				91F77E3E1539335100F8AE05 /* Shader.vsh */,
				91F77E401539335100F8AE05 /* DRViewController.h */,
				91F77E411539335100F8AE05 /* DRViewController.m */,
				91F77E431539335100F8AE05 /* DRViewController_iPhone.xib */,
				91F77E461539335100F8AE05 /* DRViewController_iPad.xib */,
				91F77E311539335000F8AE05 /* Supporting Files */,
			);
			path = EarthViewExample;
			sourceTree = "<group>";
		};
		91F77E311539335000F8AE05 /* Supporting Files */ = {
			isa = PBXGroup;
			children = (
				91F77E321539335000F8AE05 /* EarthViewExample-Info.plist */,
				91F77E331539335100F8AE05 /* InfoPlist.strings */,
				91F77E361539335100F8AE05 /* main.m */,
				91F77E381539335100F8AE05 /* EarthViewExample-Prefix.pch */,
			);
			name = "Supporting Files";
			sourceTree = "<group>";
		};
/* End PBXGroup section */

/* Begin PBXNativeTarget section */
		91F77E211539335000F8AE05 /* EarthViewExample */ = {
			isa = PBXNativeTarget;
			buildConfigurationList = 91F77E4B1539335100F8AE05 /* Build configuration list for PBXNativeTarget "EarthViewExample" */;
			buildPhases = (
				91F77E1E1539335000F8AE05 /* Sources */,
				91F77E1F1539335000F8AE05 /* Frameworks */,
				91F77E201539335000F8AE05 /* Resources */,
			);
			buildRules = (
			);
			dependencies = (
			);
			name = EarthViewExample;
			productName = EarthViewExample;
			productReference = 91F77E221539335000F8AE05 /* EarthViewExample.app */;
			productType = "com.apple.product-type.application";
		};
/* End PBXNativeTarget section */

/* Begin PBXProject section */
		91F77E191539335000F8AE05 /* Project object */ = {
			isa = PBXProject;
			attributes = {
				CLASSPREFIX = DR;
				LastUpgradeCheck = 0430;
			};
			buildConfigurationList = 91F77E1C1539335000F8AE05 /* Build configuration list for PBXProject "EarthViewExample" */;
			compatibilityVersion = "Xcode 3.2";
			developmentRegion = English;
			hasScannedForEncodings = 0;
			knownRegions = (
				en,
			);
			mainGroup = 91F77E171539335000F8AE05;
			productRefGroup = 91F77E231539335000F8AE05 /* Products */;
			projectDirPath = "";
			projectRoot = "";
			targets = (
				91F77E211539335000F8AE05 /* EarthViewExample */,
			);
		};
/* End PBXProject section */

/* Begin PBXResourcesBuildPhase section */
		91F77E201539335000F8AE05 /* Resources */ = {
			isa = PBXResourcesBuildPhase;
			buildActionMask = 2147483647;
			files = (
				91F77E351539335100F8AE05 /* InfoPlist.strings in Resources */,
				91F77E3D1539335100F8AE05 /* Shader.fsh in Resources */,
				91F77E3F1539335100F8AE05 /* Shader.vsh in Resources */,
				91F77E451539335100F8AE05 /* DRViewController_iPhone.xib in Resources */,
				91F77E481539335100F8AE05 /* DRViewController_iPad.xib in Resources */,
			);
			runOnlyForDeploymentPostprocessing = 0;
		};
/* End PBXResourcesBuildPhase section */

/* Begin PBXSourcesBuildPhase section */
		91F77E1E1539335000F8AE05 /* Sources */ = {
			isa = PBXSourcesBuildPhase;
			buildActionMask = 2147483647;
			files = (
				91F77E371539335100F8AE05 /* main.m in Sources */,
				91F77E3B1539335100F8AE05 /* DRAppDelegate.m in Sources */,
				91F77E421539335100F8AE05 /* DRViewController.m in Sources */,
			);
			runOnlyForDeploymentPostprocessing = 0;
		};
/* End PBXSourcesBuildPhase section */

/* Begin PBXVariantGroup section */
		91F77E331539335100F8AE05 /* InfoPlist.strings */ = {
			isa = PBXVariantGroup;
			children = (
				91F77E341539335100F8AE05 /* en */,
			);
			name = InfoPlist.strings;
			sourceTree = "<group>";
		};
		91F77E431539335100F8AE05 /* DRViewController_iPhone.xib */ = {
			isa = PBXVariantGroup;
			children = (
				91F77E441539335100F8AE05 /* en */,
			);
			name = DRViewController_iPhone.xib;
			sourceTree = "<group>";
		};
		91F77E461539335100F8AE05 /* DRViewController_iPad.xib */ = {
			isa = PBXVariantGroup;
			children = (
				91F77E471539335100F8AE05 /* en */,
			);
			name = DRViewController_iPad.xib;
			sourceTree = "<group>";
		};
/* End PBXVariantGroup section */

/* Begin XCBuildConfiguration section */
		91F77E491539335100F8AE05 /* Debug */ = {
			isa = XCBuildConfiguration;
			buildSettings = {
				ALWAYS_SEARCH_USER_PATHS = NO;
				ARCHS = "$(ARCHS_STANDARD_32_BIT)";
				CLANG_ENABLE_OBJC_ARC = YES;
				"CODE_SIGN_IDENTITY[sdk=iphoneos*]" = "iPhone Developer";
				COPY_PHASE_STRIP = NO;
				GCC_C_LANGUAGE_STANDARD = gnu99;
				GCC_DYNAMIC_NO_PIC = NO;
				GCC_OPTIMIZATION_LEVEL = 0;
				GCC_PREPROCESSOR_DEFINITIONS = (
					"DEBUG=1",
					"$(inherited)",
				);
				GCC_SYMBOLS_PRIVATE_EXTERN = NO;
				GCC_VERSION = com.apple.compilers.llvm.clang.1_0;
				GCC_WARN_ABOUT_RETURN_TYPE = YES;
				GCC_WARN_UNINITIALIZED_AUTOS = YES;
				GCC_WARN_UNUSED_VARIABLE = YES;
				IPHONEOS_DEPLOYMENT_TARGET = 5.1;
				SDKROOT = iphoneos;
				TARGETED_DEVICE_FAMILY = "1,2";
			};
			name = Debug;
		};
		91F77E4A1539335100F8AE05 /* Release */ = {
			isa = XCBuildConfiguration;
			buildSettings = {
				ALWAYS_SEARCH_USER_PATHS = NO;
				ARCHS = "$(ARCHS_STANDARD_32_BIT)";
				CLANG_ENABLE_OBJC_ARC = YES;
				"CODE_SIGN_IDENTITY[sdk=iphoneos*]" = "iPhone Developer";
				COPY_PHASE_STRIP = YES;
				GCC_C_LANGUAGE_STANDARD = gnu99;
				GCC_VERSION = com.apple.compilers.llvm.clang.1_0;
				GCC_WARN_ABOUT_RETURN_TYPE = YES;
				GCC_WARN_UNINITIALIZED_AUTOS = YES;
				GCC_WARN_UNUSED_VARIABLE = YES;
				IPHONEOS_DEPLOYMENT_TARGET = 5.1;
				OTHER_CFLAGS = "-DNS_BLOCK_ASSERTIONS=1";
				SDKROOT = iphoneos;
				TARGETED_DEVICE_FAMILY = "1,2";
				VALIDATE_PRODUCT = YES;
			};
			name = Release;
		};
		91F77E4C1539335100F8AE05 /* Debug */ = {
			isa = XCBuildConfiguration;
			buildSettings = {
				GCC_PRECOMPILE_PREFIX_HEADER = YES;
				GCC_PREFIX_HEADER = "EarthViewExample/EarthViewExample-Prefix.pch";
				"GCC_THUMB_SUPPORT[arch=armv6]" = "";
				INFOPLIST_FILE = "EarthViewExample/EarthViewExample-Info.plist";
				PRODUCT_NAME = "$(TARGET_NAME)";
				WRAPPER_EXTENSION = app;
			};
			name = Debug;
		};
		91F77E4D1539335100F8AE05 /* Release */ = {
			isa = XCBuildConfiguration;
			buildSettings = {
				GCC_PRECOMPILE_PREFIX_HEADER = YES;
				GCC_PREFIX_HEADER = "EarthViewExample/EarthViewExample-Prefix.pch";
				"GCC_THUMB_SUPPORT[arch=armv6]" = "";
				INFOPLIST_FILE = "EarthViewExample/EarthViewExample-Info.plist";
				PRODUCT_NAME = "$(TARGET_NAME)";
				WRAPPER_EXTENSION = app;
			};
			name = Release;
		};
/* End XCBuildConfiguration section */

/* Begin XCConfigurationList section */
		91F77E1C1539335000F8AE05 /* Build configuration list for PBXProject "EarthViewExample" */ = {
			isa = XCConfigurationList;
			buildConfigurations = (
				91F77E491539335100F8AE05 /* Debug */,
				91F77E4A1539335100F8AE05 /* Release */,
			);
			defaultConfigurationIsVisible = 0;
			defaultConfigurationName = Release;
		};
		91F77E4B1539335100F8AE05 /* Build configuration list for PBXNativeTarget "EarthViewExample" */ = {
			isa = XCConfigurationList;
			buildConfigurations = (
				91F77E4C1539335100F8AE05 /* Debug */,
				91F77E4D1539335100F8AE05 /* Release */,
			);
			defaultConfigurationIsVisible = 0;
		};
/* End XCConfigurationList section */
	};
	rootObject = 91F77E191539335000F8AE05 /* Project object */;
}
